// !$*UTF8*$!
{
	archiveVersion = 1;
	classes = {
	};
	objectVersion = 46;
	objects = {

/* Begin PBXBuildFile section */
		004640B21EE9191800C19858 /* MessageItem.swift in Sources */ = {isa = PBXBuildFile; fileRef = 004640B11EE9191800C19858 /* MessageItem.swift */; };
		005E79631EE6208700160158 /* AppDelegate.swift in Sources */ = {isa = PBXBuildFile; fileRef = 005E79621EE6208700160158 /* AppDelegate.swift */; };
		005E79651EE6208700160158 /* ViewController.swift in Sources */ = {isa = PBXBuildFile; fileRef = 005E79641EE6208700160158 /* ViewController.swift */; };
		005E79671EE6208700160158 /* Assets.xcassets in Resources */ = {isa = PBXBuildFile; fileRef = 005E79661EE6208700160158 /* Assets.xcassets */; };
		005E796A1EE6208700160158 /* Main.storyboard in Resources */ = {isa = PBXBuildFile; fileRef = 005E79681EE6208700160158 /* Main.storyboard */; };
		0074870A1EE8F0EA00853F06 /* hp.png in Resources */ = {isa = PBXBuildFile; fileRef = 007487091EE8F0EA00853F06 /* hp.png */; };
		0074870E1EE8F1C200853F06 /* insta.png in Resources */ = {isa = PBXBuildFile; fileRef = 0074870D1EE8F1C200853F06 /* insta.png */; };
		007487101EE8F22200853F06 /* mena.png in Resources */ = {isa = PBXBuildFile; fileRef = 0074870F1EE8F22200853F06 /* mena.png */; };
		00AB4B691EE9BE9C002CB196 /* Moya.framework in Frameworks */ = {isa = PBXBuildFile; fileRef = 00AB4B681EE9BE9C002CB196 /* Moya.framework */; };
		00AB4B6A1EE9BE9C002CB196 /* Moya.framework in Embed Frameworks */ = {isa = PBXBuildFile; fileRef = 00AB4B681EE9BE9C002CB196 /* Moya.framework */; settings = {ATTRIBUTES = (CodeSignOnCopy, RemoveHeadersOnCopy, ); }; };
		00AB4B6C1EE9BEA6002CB196 /* Result.framework in Frameworks */ = {isa = PBXBuildFile; fileRef = 00AB4B6B1EE9BEA6002CB196 /* Result.framework */; };
		00AB4B6D1EE9BEA6002CB196 /* Result.framework in Embed Frameworks */ = {isa = PBXBuildFile; fileRef = 00AB4B6B1EE9BEA6002CB196 /* Result.framework */; settings = {ATTRIBUTES = (CodeSignOnCopy, RemoveHeadersOnCopy, ); }; };
		00AB4B6F1EE9BEB0002CB196 /* Alamofire.framework in Frameworks */ = {isa = PBXBuildFile; fileRef = 00AB4B6E1EE9BEB0002CB196 /* Alamofire.framework */; };
		00AB4B701EE9BEB0002CB196 /* Alamofire.framework in Embed Frameworks */ = {isa = PBXBuildFile; fileRef = 00AB4B6E1EE9BEB0002CB196 /* Alamofire.framework */; settings = {ATTRIBUTES = (CodeSignOnCopy, RemoveHeadersOnCopy, ); }; };
		00AB4B721EE9C00A002CB196 /* ChatService.swift in Sources */ = {isa = PBXBuildFile; fileRef = 00AB4B711EE9C00A002CB196 /* ChatService.swift */; };
		00B51FD21EEB7B5500B7FA1D /* ReactiveMoya.framework in Frameworks */ = {isa = PBXBuildFile; fileRef = 00B51FCB1EEB7B5500B7FA1D /* ReactiveMoya.framework */; };
		00B51FD31EEB7B5500B7FA1D /* ReactiveMoya.framework in Embed Frameworks */ = {isa = PBXBuildFile; fileRef = 00B51FCB1EEB7B5500B7FA1D /* ReactiveMoya.framework */; settings = {ATTRIBUTES = (CodeSignOnCopy, RemoveHeadersOnCopy, ); }; };
		00B51FD41EEB7B5500B7FA1D /* ReactiveSwift.framework in Frameworks */ = {isa = PBXBuildFile; fileRef = 00B51FCC1EEB7B5500B7FA1D /* ReactiveSwift.framework */; };
		00B51FD51EEB7B5500B7FA1D /* ReactiveSwift.framework in Embed Frameworks */ = {isa = PBXBuildFile; fileRef = 00B51FCC1EEB7B5500B7FA1D /* ReactiveSwift.framework */; settings = {ATTRIBUTES = (CodeSignOnCopy, RemoveHeadersOnCopy, ); }; };
		00B51FD61EEB7B5500B7FA1D /* RxBlocking.framework in Frameworks */ = {isa = PBXBuildFile; fileRef = 00B51FCD1EEB7B5500B7FA1D /* RxBlocking.framework */; };
		00B51FD71EEB7B5500B7FA1D /* RxBlocking.framework in Embed Frameworks */ = {isa = PBXBuildFile; fileRef = 00B51FCD1EEB7B5500B7FA1D /* RxBlocking.framework */; settings = {ATTRIBUTES = (CodeSignOnCopy, RemoveHeadersOnCopy, ); }; };
		00B51FD81EEB7B5500B7FA1D /* RxCocoa.framework in Frameworks */ = {isa = PBXBuildFile; fileRef = 00B51FCE1EEB7B5500B7FA1D /* RxCocoa.framework */; };
		00B51FD91EEB7B5500B7FA1D /* RxCocoa.framework in Embed Frameworks */ = {isa = PBXBuildFile; fileRef = 00B51FCE1EEB7B5500B7FA1D /* RxCocoa.framework */; settings = {ATTRIBUTES = (CodeSignOnCopy, RemoveHeadersOnCopy, ); }; };
		00B51FDA1EEB7B5500B7FA1D /* RxMoya.framework in Frameworks */ = {isa = PBXBuildFile; fileRef = 00B51FCF1EEB7B5500B7FA1D /* RxMoya.framework */; };
		00B51FDB1EEB7B5500B7FA1D /* RxMoya.framework in Embed Frameworks */ = {isa = PBXBuildFile; fileRef = 00B51FCF1EEB7B5500B7FA1D /* RxMoya.framework */; settings = {ATTRIBUTES = (CodeSignOnCopy, RemoveHeadersOnCopy, ); }; };
		00B51FDC1EEB7B5500B7FA1D /* RxSwift.framework in Frameworks */ = {isa = PBXBuildFile; fileRef = 00B51FD01EEB7B5500B7FA1D /* RxSwift.framework */; };
		00B51FDD1EEB7B5500B7FA1D /* RxSwift.framework in Embed Frameworks */ = {isa = PBXBuildFile; fileRef = 00B51FD01EEB7B5500B7FA1D /* RxSwift.framework */; settings = {ATTRIBUTES = (CodeSignOnCopy, RemoveHeadersOnCopy, ); }; };
		00B51FE11EEB81E900B7FA1D /* Channel.swift in Sources */ = {isa = PBXBuildFile; fileRef = 00B51FE01EEB81E900B7FA1D /* Channel.swift */; };
		00B51FE41EEB88F100B7FA1D /* ChannelApi.swift in Sources */ = {isa = PBXBuildFile; fileRef = 00B51FE21EEB88F100B7FA1D /* ChannelApi.swift */; };
		00B51FE51EEB88F100B7FA1D /* ChannelApiImpl.swift in Sources */ = {isa = PBXBuildFile; fileRef = 00B51FE31EEB88F100B7FA1D /* ChannelApiImpl.swift */; };
		00B51FE71EEB89B600B7FA1D /* ObjectMapper.framework in Frameworks */ = {isa = PBXBuildFile; fileRef = 00B51FE61EEB89B600B7FA1D /* ObjectMapper.framework */; };
		00B51FE81EEB89B600B7FA1D /* ObjectMapper.framework in Embed Frameworks */ = {isa = PBXBuildFile; fileRef = 00B51FE61EEB89B600B7FA1D /* ObjectMapper.framework */; settings = {ATTRIBUTES = (CodeSignOnCopy, RemoveHeadersOnCopy, ); }; };
		00C8B81C1EE790070026590B /* CompanyList.swift in Sources */ = {isa = PBXBuildFile; fileRef = 00C8B81B1EE790070026590B /* CompanyList.swift */; };
		00C8B81E1EE792300026590B /* CurrentCompany.swift in Sources */ = {isa = PBXBuildFile; fileRef = 00C8B81D1EE792300026590B /* CurrentCompany.swift */; };
		00C8B8221EE79B700026590B /* ibm_logo.png in Resources */ = {isa = PBXBuildFile; fileRef = 00C8B8201EE79B700026590B /* ibm_logo.png */; };
		00C8B8231EE79B700026590B /* logo1.png in Resources */ = {isa = PBXBuildFile; fileRef = 00C8B8211EE79B700026590B /* logo1.png */; };
		00C8B8251EE7A3200026590B /* ChannelList.swift in Sources */ = {isa = PBXBuildFile; fileRef = 00C8B8241EE7A3200026590B /* ChannelList.swift */; };
		00C8B8271EE7A8FE0026590B /* CurrentChannel.swift in Sources */ = {isa = PBXBuildFile; fileRef = 00C8B8261EE7A8FE0026590B /* CurrentChannel.swift */; };
		00C8B8291EE7AA450026590B /* MessageList.swift in Sources */ = {isa = PBXBuildFile; fileRef = 00C8B8281EE7AA450026590B /* MessageList.swift */; };
		00C8B82B1EE7AFC80026590B /* ComposeMessage.swift in Sources */ = {isa = PBXBuildFile; fileRef = 00C8B82A1EE7AFC80026590B /* ComposeMessage.swift */; };
/* End PBXBuildFile section */

/* Begin PBXCopyFilesBuildPhase section */
		00F71BE41EE99D4F00F7E169 /* Embed Frameworks */ = {
			isa = PBXCopyFilesBuildPhase;
			buildActionMask = 2147483647;
			dstPath = "";
			dstSubfolderSpec = 10;
			files = (
				00AB4B6A1EE9BE9C002CB196 /* Moya.framework in Embed Frameworks */,
				00AB4B701EE9BEB0002CB196 /* Alamofire.framework in Embed Frameworks */,
				00B51FE81EEB89B600B7FA1D /* ObjectMapper.framework in Embed Frameworks */,
				00B51FDD1EEB7B5500B7FA1D /* RxSwift.framework in Embed Frameworks */,
				00B51FD91EEB7B5500B7FA1D /* RxCocoa.framework in Embed Frameworks */,
				00B51FD51EEB7B5500B7FA1D /* ReactiveSwift.framework in Embed Frameworks */,
				00B51FDB1EEB7B5500B7FA1D /* RxMoya.framework in Embed Frameworks */,
				00AB4B6D1EE9BEA6002CB196 /* Result.framework in Embed Frameworks */,
				00B51FD31EEB7B5500B7FA1D /* ReactiveMoya.framework in Embed Frameworks */,
				00B51FD71EEB7B5500B7FA1D /* RxBlocking.framework in Embed Frameworks */,
			);
			name = "Embed Frameworks";
			runOnlyForDeploymentPostprocessing = 0;
		};
/* End PBXCopyFilesBuildPhase section */

/* Begin PBXFileReference section */
		004640B11EE9191800C19858 /* MessageItem.swift */ = {isa = PBXFileReference; fileEncoding = 4; lastKnownFileType = sourcecode.swift; path = MessageItem.swift; sourceTree = "<group>"; };
		005E795F1EE6208700160158 /* boring-company-chat.app */ = {isa = PBXFileReference; explicitFileType = wrapper.application; includeInIndex = 0; path = "boring-company-chat.app"; sourceTree = BUILT_PRODUCTS_DIR; };
		005E79621EE6208700160158 /* AppDelegate.swift */ = {isa = PBXFileReference; lastKnownFileType = sourcecode.swift; path = AppDelegate.swift; sourceTree = "<group>"; };
		005E79641EE6208700160158 /* ViewController.swift */ = {isa = PBXFileReference; lastKnownFileType = sourcecode.swift; path = ViewController.swift; sourceTree = "<group>"; };
		005E79661EE6208700160158 /* Assets.xcassets */ = {isa = PBXFileReference; lastKnownFileType = folder.assetcatalog; path = Assets.xcassets; sourceTree = "<group>"; };
		005E79691EE6208700160158 /* Base */ = {isa = PBXFileReference; lastKnownFileType = file.storyboard; name = Base; path = Base.lproj/Main.storyboard; sourceTree = "<group>"; };
		005E796B1EE6208700160158 /* Info.plist */ = {isa = PBXFileReference; lastKnownFileType = text.plist.xml; path = Info.plist; sourceTree = "<group>"; };
		007487091EE8F0EA00853F06 /* hp.png */ = {isa = PBXFileReference; lastKnownFileType = image.png; name = hp.png; path = images/hp.png; sourceTree = SOURCE_ROOT; };
		0074870D1EE8F1C200853F06 /* insta.png */ = {isa = PBXFileReference; lastKnownFileType = image.png; name = insta.png; path = images/insta.png; sourceTree = SOURCE_ROOT; };
		0074870F1EE8F22200853F06 /* mena.png */ = {isa = PBXFileReference; lastKnownFileType = image.png; name = mena.png; path = images/mena.png; sourceTree = SOURCE_ROOT; };
		00AB4B681EE9BE9C002CB196 /* Moya.framework */ = {isa = PBXFileReference; lastKnownFileType = wrapper.framework; name = Moya.framework; path = Carthage/Build/Mac/Moya.framework; sourceTree = "<group>"; };
		00AB4B6B1EE9BEA6002CB196 /* Result.framework */ = {isa = PBXFileReference; lastKnownFileType = wrapper.framework; name = Result.framework; path = Carthage/Build/Mac/Result.framework; sourceTree = "<group>"; };
		00AB4B6E1EE9BEB0002CB196 /* Alamofire.framework */ = {isa = PBXFileReference; lastKnownFileType = wrapper.framework; name = Alamofire.framework; path = Carthage/Build/Mac/Alamofire.framework; sourceTree = "<group>"; };
		00AB4B711EE9C00A002CB196 /* ChatService.swift */ = {isa = PBXFileReference; fileEncoding = 4; lastKnownFileType = sourcecode.swift; path = ChatService.swift; sourceTree = "<group>"; };
		00B51FCB1EEB7B5500B7FA1D /* ReactiveMoya.framework */ = {isa = PBXFileReference; lastKnownFileType = wrapper.framework; name = ReactiveMoya.framework; path = Carthage/Build/Mac/ReactiveMoya.framework; sourceTree = "<group>"; };
		00B51FCC1EEB7B5500B7FA1D /* ReactiveSwift.framework */ = {isa = PBXFileReference; lastKnownFileType = wrapper.framework; name = ReactiveSwift.framework; path = Carthage/Build/Mac/ReactiveSwift.framework; sourceTree = "<group>"; };
		00B51FCD1EEB7B5500B7FA1D /* RxBlocking.framework */ = {isa = PBXFileReference; lastKnownFileType = wrapper.framework; name = RxBlocking.framework; path = Carthage/Build/Mac/RxBlocking.framework; sourceTree = "<group>"; };
		00B51FCE1EEB7B5500B7FA1D /* RxCocoa.framework */ = {isa = PBXFileReference; lastKnownFileType = wrapper.framework; name = RxCocoa.framework; path = Carthage/Build/Mac/RxCocoa.framework; sourceTree = "<group>"; };
		00B51FCF1EEB7B5500B7FA1D /* RxMoya.framework */ = {isa = PBXFileReference; lastKnownFileType = wrapper.framework; name = RxMoya.framework; path = Carthage/Build/Mac/RxMoya.framework; sourceTree = "<group>"; };
		00B51FD01EEB7B5500B7FA1D /* RxSwift.framework */ = {isa = PBXFileReference; lastKnownFileType = wrapper.framework; name = RxSwift.framework; path = Carthage/Build/Mac/RxSwift.framework; sourceTree = "<group>"; };
		00B51FD11EEB7B5500B7FA1D /* RxTest.framework */ = {isa = PBXFileReference; lastKnownFileType = wrapper.framework; name = RxTest.framework; path = Carthage/Build/Mac/RxTest.framework; sourceTree = "<group>"; };
		00B51FE01EEB81E900B7FA1D /* Channel.swift */ = {isa = PBXFileReference; fileEncoding = 4; lastKnownFileType = sourcecode.swift; name = Channel.swift; path = chat4work/Channel.swift; sourceTree = "<group>"; };
		00B51FE21EEB88F100B7FA1D /* ChannelApi.swift */ = {isa = PBXFileReference; fileEncoding = 4; lastKnownFileType = sourcecode.swift; name = ChannelApi.swift; path = chat4work/ChannelApi.swift; sourceTree = "<group>"; };
		00B51FE31EEB88F100B7FA1D /* ChannelApiImpl.swift */ = {isa = PBXFileReference; fileEncoding = 4; lastKnownFileType = sourcecode.swift; name = ChannelApiImpl.swift; path = chat4work/ChannelApiImpl.swift; sourceTree = "<group>"; };
		00B51FE61EEB89B600B7FA1D /* ObjectMapper.framework */ = {isa = PBXFileReference; lastKnownFileType = wrapper.framework; name = ObjectMapper.framework; path = Carthage/Build/Mac/ObjectMapper.framework; sourceTree = "<group>"; };
		00C8B81B1EE790070026590B /* CompanyList.swift */ = {isa = PBXFileReference; fileEncoding = 4; lastKnownFileType = sourcecode.swift; path = CompanyList.swift; sourceTree = "<group>"; };
		00C8B81D1EE792300026590B /* CurrentCompany.swift */ = {isa = PBXFileReference; fileEncoding = 4; lastKnownFileType = sourcecode.swift; path = CurrentCompany.swift; sourceTree = "<group>"; };
		00C8B8201EE79B700026590B /* ibm_logo.png */ = {isa = PBXFileReference; lastKnownFileType = image.png; name = ibm_logo.png; path = images/ibm_logo.png; sourceTree = SOURCE_ROOT; };
		00C8B8211EE79B700026590B /* logo1.png */ = {isa = PBXFileReference; lastKnownFileType = image.png; name = logo1.png; path = images/logo1.png; sourceTree = SOURCE_ROOT; };
		00C8B8241EE7A3200026590B /* ChannelList.swift */ = {isa = PBXFileReference; fileEncoding = 4; lastKnownFileType = sourcecode.swift; path = ChannelList.swift; sourceTree = "<group>"; };
		00C8B8261EE7A8FE0026590B /* CurrentChannel.swift */ = {isa = PBXFileReference; fileEncoding = 4; lastKnownFileType = sourcecode.swift; path = CurrentChannel.swift; sourceTree = "<group>"; };
		00C8B8281EE7AA450026590B /* MessageList.swift */ = {isa = PBXFileReference; fileEncoding = 4; lastKnownFileType = sourcecode.swift; path = MessageList.swift; sourceTree = "<group>"; };
		00C8B82A1EE7AFC80026590B /* ComposeMessage.swift */ = {isa = PBXFileReference; fileEncoding = 4; lastKnownFileType = sourcecode.swift; path = ComposeMessage.swift; sourceTree = "<group>"; };
/* End PBXFileReference section */

/* Begin PBXFrameworksBuildPhase section */
		005E795C1EE6208700160158 /* Frameworks */ = {
			isa = PBXFrameworksBuildPhase;
			buildActionMask = 2147483647;
			files = (
				00AB4B691EE9BE9C002CB196 /* Moya.framework in Frameworks */,
				00AB4B6F1EE9BEB0002CB196 /* Alamofire.framework in Frameworks */,
				00B51FE71EEB89B600B7FA1D /* ObjectMapper.framework in Frameworks */,
				00B51FDC1EEB7B5500B7FA1D /* RxSwift.framework in Frameworks */,
				00B51FD81EEB7B5500B7FA1D /* RxCocoa.framework in Frameworks */,
				00B51FD41EEB7B5500B7FA1D /* ReactiveSwift.framework in Frameworks */,
				00B51FDA1EEB7B5500B7FA1D /* RxMoya.framework in Frameworks */,
				00AB4B6C1EE9BEA6002CB196 /* Result.framework in Frameworks */,
				00B51FD21EEB7B5500B7FA1D /* ReactiveMoya.framework in Frameworks */,
				00B51FD61EEB7B5500B7FA1D /* RxBlocking.framework in Frameworks */,
			);
			runOnlyForDeploymentPostprocessing = 0;
		};
/* End PBXFrameworksBuildPhase section */

/* Begin PBXGroup section */
		005E79561EE6208700160158 = {
			isa = PBXGroup;
			children = (
				00B51FE61EEB89B600B7FA1D /* ObjectMapper.framework */,
				00B51FCB1EEB7B5500B7FA1D /* ReactiveMoya.framework */,
				00B51FCC1EEB7B5500B7FA1D /* ReactiveSwift.framework */,
				00B51FCD1EEB7B5500B7FA1D /* RxBlocking.framework */,
				00B51FCE1EEB7B5500B7FA1D /* RxCocoa.framework */,
				00B51FCF1EEB7B5500B7FA1D /* RxMoya.framework */,
				00B51FD01EEB7B5500B7FA1D /* RxSwift.framework */,
				00B51FD11EEB7B5500B7FA1D /* RxTest.framework */,
				00B51FE21EEB88F100B7FA1D /* ChannelApi.swift */,
				00B51FE31EEB88F100B7FA1D /* ChannelApiImpl.swift */,
				00AB4B711EE9C00A002CB196 /* ChatService.swift */,
				00B51FE01EEB81E900B7FA1D /* Channel.swift */,
				00AB4B6E1EE9BEB0002CB196 /* Alamofire.framework */,
				00AB4B6B1EE9BEA6002CB196 /* Result.framework */,
				00AB4B681EE9BE9C002CB196 /* Moya.framework */,
				005E79611EE6208700160158 /* chat4work */,
				005E79601EE6208700160158 /* Products */,
			);
			sourceTree = "<group>";
		};
		005E79601EE6208700160158 /* Products */ = {
			isa = PBXGroup;
			children = (
				005E795F1EE6208700160158 /* boring-company-chat.app */,
			);
			name = Products;
			sourceTree = "<group>";
		};
		005E79611EE6208700160158 /* chat4work */ = {
			isa = PBXGroup;
			children = (
				00C8B81F1EE79B5F0026590B /* images */,
				005E79621EE6208700160158 /* AppDelegate.swift */,
				005E79641EE6208700160158 /* ViewController.swift */,
				005E79661EE6208700160158 /* Assets.xcassets */,
				005E79681EE6208700160158 /* Main.storyboard */,
				005E796B1EE6208700160158 /* Info.plist */,
				00C8B8241EE7A3200026590B /* ChannelList.swift */,
				00C8B81B1EE790070026590B /* CompanyList.swift */,
				004640B11EE9191800C19858 /* MessageItem.swift */,
				00C8B8281EE7AA450026590B /* MessageList.swift */,
				00C8B81D1EE792300026590B /* CurrentCompany.swift */,
				00C8B82A1EE7AFC80026590B /* ComposeMessage.swift */,
				00C8B8261EE7A8FE0026590B /* CurrentChannel.swift */,
			);
			path = chat4work;
			sourceTree = "<group>";
		};
		00C8B81F1EE79B5F0026590B /* images */ = {
			isa = PBXGroup;
			children = (
				0074870D1EE8F1C200853F06 /* insta.png */,
				007487091EE8F0EA00853F06 /* hp.png */,
				0074870F1EE8F22200853F06 /* mena.png */,
				00C8B8201EE79B700026590B /* ibm_logo.png */,
				00C8B8211EE79B700026590B /* logo1.png */,
			);
			name = images;
			sourceTree = "<group>";
		};
/* End PBXGroup section */

/* Begin PBXNativeTarget section */
		005E795E1EE6208700160158 /* boring-company-chat */ = {
			isa = PBXNativeTarget;
			buildConfigurationList = 005E796E1EE6208700160158 /* Build configuration list for PBXNativeTarget "boring-company-chat" */;
			buildPhases = (
				005E795B1EE6208700160158 /* Sources */,
				005E795C1EE6208700160158 /* Frameworks */,
				005E795D1EE6208700160158 /* Resources */,
				00F71BE41EE99D4F00F7E169 /* Embed Frameworks */,
			);
			buildRules = (
			);
			dependencies = (
			);
			name = "boring-company-chat";
			productName = chat4work;
			productReference = 005E795F1EE6208700160158 /* boring-company-chat.app */;
			productType = "com.apple.product-type.application";
		};
/* End PBXNativeTarget section */

/* Begin PBXProject section */
		005E79571EE6208700160158 /* Project object */ = {
			isa = PBXProject;
			attributes = {
				LastSwiftUpdateCheck = 0830;
				LastUpgradeCheck = 0830;
				ORGANIZATIONNAME = 755R3VBZ84;
				TargetAttributes = {
					005E795E1EE6208700160158 = {
						CreatedOnToolsVersion = 8.3.2;
						ProvisioningStyle = Automatic;
					};
				};
			};
			buildConfigurationList = 005E795A1EE6208700160158 /* Build configuration list for PBXProject "boring-company-chat" */;
			compatibilityVersion = "Xcode 3.2";
			developmentRegion = English;
			hasScannedForEncodings = 0;
			knownRegions = (
				en,
				Base,
			);
			mainGroup = 005E79561EE6208700160158;
			productRefGroup = 005E79601EE6208700160158 /* Products */;
			projectDirPath = "";
			projectRoot = "";
			targets = (
				005E795E1EE6208700160158 /* boring-company-chat */,
			);
		};
/* End PBXProject section */

/* Begin PBXResourcesBuildPhase section */
		005E795D1EE6208700160158 /* Resources */ = {
			isa = PBXResourcesBuildPhase;
			buildActionMask = 2147483647;
			files = (
				0074870A1EE8F0EA00853F06 /* hp.png in Resources */,
				005E79671EE6208700160158 /* Assets.xcassets in Resources */,
				00C8B8221EE79B700026590B /* ibm_logo.png in Resources */,
				007487101EE8F22200853F06 /* mena.png in Resources */,
				0074870E1EE8F1C200853F06 /* insta.png in Resources */,
				00C8B8231EE79B700026590B /* logo1.png in Resources */,
				005E796A1EE6208700160158 /* Main.storyboard in Resources */,
			);
			runOnlyForDeploymentPostprocessing = 0;
		};
/* End PBXResourcesBuildPhase section */

/* Begin PBXSourcesBuildPhase section */
		005E795B1EE6208700160158 /* Sources */ = {
			isa = PBXSourcesBuildPhase;
			buildActionMask = 2147483647;
			files = (
				005E79651EE6208700160158 /* ViewController.swift in Sources */,
				00C8B81E1EE792300026590B /* CurrentCompany.swift in Sources */,
				00B51FE11EEB81E900B7FA1D /* Channel.swift in Sources */,
				00C8B82B1EE7AFC80026590B /* ComposeMessage.swift in Sources */,
				00AB4B721EE9C00A002CB196 /* ChatService.swift in Sources */,
				00C8B81C1EE790070026590B /* CompanyList.swift in Sources */,
				00B51FE41EEB88F100B7FA1D /* ChannelApi.swift in Sources */,
				00C8B8271EE7A8FE0026590B /* CurrentChannel.swift in Sources */,
				004640B21EE9191800C19858 /* MessageItem.swift in Sources */,
				005E79631EE6208700160158 /* AppDelegate.swift in Sources */,
				00C8B8291EE7AA450026590B /* MessageList.swift in Sources */,
				00B51FE51EEB88F100B7FA1D /* ChannelApiImpl.swift in Sources */,
				00C8B8251EE7A3200026590B /* ChannelList.swift in Sources */,
			);
			runOnlyForDeploymentPostprocessing = 0;
		};
/* End PBXSourcesBuildPhase section */

/* Begin PBXVariantGroup section */
		005E79681EE6208700160158 /* Main.storyboard */ = {
			isa = PBXVariantGroup;
			children = (
				005E79691EE6208700160158 /* Base */,
			);
			name = Main.storyboard;
			sourceTree = "<group>";
		};
/* End PBXVariantGroup section */

/* Begin XCBuildConfiguration section */
		005E796C1EE6208700160158 /* Debug */ = {
			isa = XCBuildConfiguration;
			buildSettings = {
				ALWAYS_SEARCH_USER_PATHS = NO;
				CLANG_ANALYZER_NONNULL = YES;
				CLANG_ANALYZER_NUMBER_OBJECT_CONVERSION = YES_AGGRESSIVE;
				CLANG_CXX_LANGUAGE_STANDARD = "gnu++0x";
				CLANG_CXX_LIBRARY = "libc++";
				CLANG_ENABLE_MODULES = YES;
				CLANG_ENABLE_OBJC_ARC = YES;
				CLANG_WARN_BOOL_CONVERSION = YES;
				CLANG_WARN_CONSTANT_CONVERSION = YES;
				CLANG_WARN_DIRECT_OBJC_ISA_USAGE = YES_ERROR;
				CLANG_WARN_DOCUMENTATION_COMMENTS = YES;
				CLANG_WARN_EMPTY_BODY = YES;
				CLANG_WARN_ENUM_CONVERSION = YES;
				CLANG_WARN_INFINITE_RECURSION = YES;
				CLANG_WARN_INT_CONVERSION = YES;
				CLANG_WARN_OBJC_ROOT_CLASS = YES_ERROR;
				CLANG_WARN_SUSPICIOUS_MOVE = YES;
				CLANG_WARN_UNREACHABLE_CODE = YES;
				CLANG_WARN__DUPLICATE_METHOD_MATCH = YES;
				CODE_SIGN_IDENTITY = "-";
				COPY_PHASE_STRIP = NO;
				DEBUG_INFORMATION_FORMAT = dwarf;
				ENABLE_STRICT_OBJC_MSGSEND = YES;
				ENABLE_TESTABILITY = YES;
				GCC_C_LANGUAGE_STANDARD = gnu99;
				GCC_DYNAMIC_NO_PIC = NO;
				GCC_NO_COMMON_BLOCKS = YES;
				GCC_OPTIMIZATION_LEVEL = 0;
				GCC_PREPROCESSOR_DEFINITIONS = (
					"DEBUG=1",
					"$(inherited)",
				);
				GCC_WARN_64_TO_32_BIT_CONVERSION = YES;
				GCC_WARN_ABOUT_RETURN_TYPE = YES_ERROR;
				GCC_WARN_UNDECLARED_SELECTOR = YES;
				GCC_WARN_UNINITIALIZED_AUTOS = YES_AGGRESSIVE;
				GCC_WARN_UNUSED_FUNCTION = YES;
				GCC_WARN_UNUSED_VARIABLE = YES;
				MACOSX_DEPLOYMENT_TARGET = 10.12;
				MTL_ENABLE_DEBUG_INFO = YES;
				ONLY_ACTIVE_ARCH = YES;
				SDKROOT = macosx;
				SWIFT_ACTIVE_COMPILATION_CONDITIONS = DEBUG;
				SWIFT_OPTIMIZATION_LEVEL = "-Onone";
			};
			name = Debug;
		};
		005E796D1EE6208700160158 /* Release */ = {
			isa = XCBuildConfiguration;
			buildSettings = {
				ALWAYS_SEARCH_USER_PATHS = NO;
				CLANG_ANALYZER_NONNULL = YES;
				CLANG_ANALYZER_NUMBER_OBJECT_CONVERSION = YES_AGGRESSIVE;
				CLANG_CXX_LANGUAGE_STANDARD = "gnu++0x";
				CLANG_CXX_LIBRARY = "libc++";
				CLANG_ENABLE_MODULES = YES;
				CLANG_ENABLE_OBJC_ARC = YES;
				CLANG_WARN_BOOL_CONVERSION = YES;
				CLANG_WARN_CONSTANT_CONVERSION = YES;
				CLANG_WARN_DIRECT_OBJC_ISA_USAGE = YES_ERROR;
				CLANG_WARN_DOCUMENTATION_COMMENTS = YES;
				CLANG_WARN_EMPTY_BODY = YES;
				CLANG_WARN_ENUM_CONVERSION = YES;
				CLANG_WARN_INFINITE_RECURSION = YES;
				CLANG_WARN_INT_CONVERSION = YES;
				CLANG_WARN_OBJC_ROOT_CLASS = YES_ERROR;
				CLANG_WARN_SUSPICIOUS_MOVE = YES;
				CLANG_WARN_UNREACHABLE_CODE = YES;
				CLANG_WARN__DUPLICATE_METHOD_MATCH = YES;
				CODE_SIGN_IDENTITY = "-";
				COPY_PHASE_STRIP = NO;
				DEBUG_INFORMATION_FORMAT = "dwarf-with-dsym";
				ENABLE_NS_ASSERTIONS = NO;
				ENABLE_STRICT_OBJC_MSGSEND = YES;
				GCC_C_LANGUAGE_STANDARD = gnu99;
				GCC_NO_COMMON_BLOCKS = YES;
				GCC_WARN_64_TO_32_BIT_CONVERSION = YES;
				GCC_WARN_ABOUT_RETURN_TYPE = YES_ERROR;
				GCC_WARN_UNDECLARED_SELECTOR = YES;
				GCC_WARN_UNINITIALIZED_AUTOS = YES_AGGRESSIVE;
				GCC_WARN_UNUSED_FUNCTION = YES;
				GCC_WARN_UNUSED_VARIABLE = YES;
				MACOSX_DEPLOYMENT_TARGET = 10.12;
				MTL_ENABLE_DEBUG_INFO = NO;
				SDKROOT = macosx;
				SWIFT_OPTIMIZATION_LEVEL = "-Owholemodule";
			};
			name = Release;
		};
		005E796F1EE6208700160158 /* Debug */ = {
			isa = XCBuildConfiguration;
			buildSettings = {
				ASSETCATALOG_COMPILER_APPICON_NAME = AppIcon;
				COMBINE_HIDPI_IMAGES = YES;
				FRAMEWORK_SEARCH_PATHS = (
					"$(inherited)",
					"$(PROJECT_DIR)/Carthage/Build/Mac",
				);
				INFOPLIST_FILE = chat4work/Info.plist;
				LD_RUNPATH_SEARCH_PATHS = "$(inherited) @executable_path/../Frameworks";
				PRODUCT_BUNDLE_IDENTIFIER = higher.team.chat4work;
				PRODUCT_NAME = "$(TARGET_NAME)";
				SWIFT_VERSION = 3.0;
			};
			name = Debug;
		};
		005E79701EE6208700160158 /* Release */ = {
			isa = XCBuildConfiguration;
			buildSettings = {
				ASSETCATALOG_COMPILER_APPICON_NAME = AppIcon;
				COMBINE_HIDPI_IMAGES = YES;
				FRAMEWORK_SEARCH_PATHS = (
					"$(inherited)",
					"$(PROJECT_DIR)/Carthage/Build/Mac",
				);
				INFOPLIST_FILE = chat4work/Info.plist;
				LD_RUNPATH_SEARCH_PATHS = "$(inherited) @executable_path/../Frameworks";
				PRODUCT_BUNDLE_IDENTIFIER = higher.team.chat4work;
				PRODUCT_NAME = "$(TARGET_NAME)";
				SWIFT_VERSION = 3.0;
			};
			name = Release;
		};
/* End XCBuildConfiguration section */

/* Begin XCConfigurationList section */
		005E795A1EE6208700160158 /* Build configuration list for PBXProject "boring-company-chat" */ = {
			isa = XCConfigurationList;
			buildConfigurations = (
				005E796C1EE6208700160158 /* Debug */,
				005E796D1EE6208700160158 /* Release */,
			);
			defaultConfigurationIsVisible = 0;
			defaultConfigurationName = Release;
		};
		005E796E1EE6208700160158 /* Build configuration list for PBXNativeTarget "boring-company-chat" */ = {
			isa = XCConfigurationList;
			buildConfigurations = (
				005E796F1EE6208700160158 /* Debug */,
				005E79701EE6208700160158 /* Release */,
			);
			defaultConfigurationIsVisible = 0;
			defaultConfigurationName = Release;
		};
/* End XCConfigurationList section */
	};
	rootObject = 005E79571EE6208700160158 /* Project object */;
}
